
Microsoft Visual Studio Solution File, Format Version 12.00
# Visual Studio Version 17
VisualStudioVersion = 17.2.32616.157
MinimumVisualStudioVersion = 10.0.40219.1
Project("{FAE04EC0-301F-11D3-BF4B-00C04F79EFBC}") = "NetCore6ApiMySQL", "NetCore6ApiMySQL\NetCore6ApiMySQL.csproj", "{5011D7FE-0AF2-4968-A45E-DE7527672FE4}"
EndProject
Project("{FAE04EC0-301F-11D3-BF4B-00C04F79EFBC}") = "NetCoreApiMySQL.Data", "NetCoreApiMySQL.Data\NetCoreApiMySQL.Data.csproj", "{B78A518C-3B96-4427-B489-9BE03AAD3505}"
EndProject
Project("{FAE04EC0-301F-11D3-BF4B-00C04F79EFBC}") = "NetCoreApiMySQL.Model", "NetCoreApiMySQL.Model\NetCoreApiMySQL.Model.csproj", "{0434F040-057F-4E85-91CB-3A7238460C1F}"
EndProject
Global
	GlobalSection(SolutionConfigurationPlatforms) = preSolution
		Debug|Any CPU = Debug|Any CPU
		Release|Any CPU = Release|Any CPU
	EndGlobalSection
	GlobalSection(ProjectConfigurationPlatforms) = postSolution
		{5011D7FE-0AF2-4968-A45E-DE7527672FE4}.Debug|Any CPU.ActiveCfg = Debug|Any CPU
		{5011D7FE-0AF2-4968-A45E-DE7527672FE4}.Debug|Any CPU.Build.0 = Debug|Any CPU
		{5011D7FE-0AF2-4968-A45E-DE7527672FE4}.Release|Any CPU.ActiveCfg = Release|Any CPU
		{5011D7FE-0AF2-4968-A45E-DE7527672FE4}.Release|Any CPU.Build.0 = Release|Any CPU
		{B78A518C-3B96-4427-B489-9BE03AAD3505}.Debug|Any CPU.ActiveCfg = Debug|Any CPU
		{B78A518C-3B96-4427-B489-9BE03AAD3505}.Debug|Any CPU.Build.0 = Debug|Any CPU
		{B78A518C-3B96-4427-B489-9BE03AAD3505}.Release|Any CPU.ActiveCfg = Release|Any CPU
		{B78A518C-3B96-4427-B489-9BE03AAD3505}.Release|Any CPU.Build.0 = Release|Any CPU
		{0434F040-057F-4E85-91CB-3A7238460C1F}.Debug|Any CPU.ActiveCfg = Debug|Any CPU
		{0434F040-057F-4E85-91CB-3A7238460C1F}.Debug|Any CPU.Build.0 = Debug|Any CPU
		{0434F040-057F-4E85-91CB-3A7238460C1F}.Release|Any CPU.ActiveCfg = Release|Any CPU
		{0434F040-057F-4E85-91CB-3A7238460C1F}.Release|Any CPU.Build.0 = Release|Any CPU
	EndGlobalSection
	GlobalSection(SolutionProperties) = preSolution
		HideSolutionNode = FALSE
	EndGlobalSection
	GlobalSection(ExtensibilityGlobals) = postSolution
		SolutionGuid = {2CAD7E92-A4E0-4B1E-BC69-77E94E5BBAA2}
	EndGlobalSection
EndGlobal
